// !$*UTF8*$!
{
	archiveVersion = 1;
	classes = {
	};
	objectVersion = 46;
	objects = {

/* Begin PBXBuildFile section */
		282906021E1D9BA600C3A43E /* AboutViewController.m in Sources */ = {isa = PBXBuildFile; fileRef = 282906001E1D9BA600C3A43E /* AboutViewController.m */; };
		282906031E1D9BA600C3A43E /* AboutViewController.xib in Resources */ = {isa = PBXBuildFile; fileRef = 282906011E1D9BA600C3A43E /* AboutViewController.xib */; };
		28724FDA1E1079D100496506 /* main.m in Sources */ = {isa = PBXBuildFile; fileRef = 28724FD91E1079D100496506 /* main.m */; };
		28724FDD1E1079D100496506 /* AppDelegate.m in Sources */ = {isa = PBXBuildFile; fileRef = 28724FDC1E1079D100496506 /* AppDelegate.m */; };
		28724FE51E1079D100496506 /* Assets.xcassets in Resources */ = {isa = PBXBuildFile; fileRef = 28724FE41E1079D100496506 /* Assets.xcassets */; };
		28724FE81E1079D100496506 /* LaunchScreen.storyboard in Resources */ = {isa = PBXBuildFile; fileRef = 28724FE61E1079D100496506 /* LaunchScreen.storyboard */; };
		28724FF31E1079D200496506 /* ClinicalTrialSearchTests.m in Sources */ = {isa = PBXBuildFile; fileRef = 28724FF21E1079D200496506 /* ClinicalTrialSearchTests.m */; };
		28724FFE1E1079D200496506 /* ClinicalTrialSearchUITests.m in Sources */ = {isa = PBXBuildFile; fileRef = 28724FFD1E1079D200496506 /* ClinicalTrialSearchUITests.m */; };
		2872500F1E107A3600496506 /* SearchViewController.xib in Resources */ = {isa = PBXBuildFile; fileRef = 2872500D1E107A3600496506 /* SearchViewController.xib */; };
		287250121E107B8500496506 /* HTTPSearchDiseases.m in Sources */ = {isa = PBXBuildFile; fileRef = 287250111E107B8500496506 /* HTTPSearchDiseases.m */; };
		287250151E107C2100496506 /* Disease.m in Sources */ = {isa = PBXBuildFile; fileRef = 287250141E107C2100496506 /* Disease.m */; };
		2872501E1E1099C300496506 /* DiseaseDetailViewController.xib in Resources */ = {isa = PBXBuildFile; fileRef = 2872501C1E1099C300496506 /* DiseaseDetailViewController.xib */; };
		287250231E10A22200496506 /* DiseaseDetailViewController.m in Sources */ = {isa = PBXBuildFile; fileRef = 287250201E10A22200496506 /* DiseaseDetailViewController.m */; };
		287250241E10A22200496506 /* SearchViewController.m in Sources */ = {isa = PBXBuildFile; fileRef = 287250221E10A22200496506 /* SearchViewController.m */; };
		287250271E10A6FA00496506 /* DiseaseDetail.m in Sources */ = {isa = PBXBuildFile; fileRef = 287250261E10A6FA00496506 /* DiseaseDetail.m */; };
		2872502A1E10B33E00496506 /* Mesh.m in Sources */ = {isa = PBXBuildFile; fileRef = 287250291E10B33E00496506 /* Mesh.m */; };
		2872502D1E1123B000496506 /* clinical_trial_small.png in Resources */ = {isa = PBXBuildFile; fileRef = 2872502B1E1123B000496506 /* clinical_trial_small.png */; };
		2872502E1E1123B000496506 /* medicine_small.png in Resources */ = {isa = PBXBuildFile; fileRef = 2872502C1E1123B000496506 /* medicine_small.png */; };
		287250301E11283100496506 /* disease_small.png in Resources */ = {isa = PBXBuildFile; fileRef = 2872502F1E11283100496506 /* disease_small.png */; };
		287250331E11305D00496506 /* MedicalTrial.m in Sources */ = {isa = PBXBuildFile; fileRef = 287250321E11305D00496506 /* MedicalTrial.m */; };
		287250361E115CED00496506 /* MedicalTrialDetail.m in Sources */ = {isa = PBXBuildFile; fileRef = 287250351E115CED00496506 /* MedicalTrialDetail.m */; };
		2872503A1E1162C000496506 /* MedicalTrialDetailViewController.m in Sources */ = {isa = PBXBuildFile; fileRef = 287250381E1162C000496506 /* MedicalTrialDetailViewController.m */; };
		2872503B1E1162C000496506 /* MedicalTrialDetailViewController.xib in Resources */ = {isa = PBXBuildFile; fileRef = 287250391E1162C000496506 /* MedicalTrialDetailViewController.xib */; };
		287250421E1691A700496506 /* menu.png in Resources */ = {isa = PBXBuildFile; fileRef = 287250401E1691A700496506 /* menu.png */; };
		287250431E1691A700496506 /* menu@2x.png in Resources */ = {isa = PBXBuildFile; fileRef = 287250411E1691A700496506 /* menu@2x.png */; };
		2872504F1E16A80100496506 /* MFSideMenuContainerViewController.m in Sources */ = {isa = PBXBuildFile; fileRef = 2872504A1E16A80100496506 /* MFSideMenuContainerViewController.m */; };
		287250501E16A80100496506 /* MFSideMenuShadow.m in Sources */ = {isa = PBXBuildFile; fileRef = 2872504C1E16A80100496506 /* MFSideMenuShadow.m */; };
		287250511E16A80100496506 /* UIViewController+MFSideMenuAdditions.m in Sources */ = {isa = PBXBuildFile; fileRef = 2872504E1E16A80100496506 /* UIViewController+MFSideMenuAdditions.m */; };
		287250541E16A8EB00496506 /* QuartzCore.framework in Frameworks */ = {isa = PBXBuildFile; fileRef = 287250531E16A8EB00496506 /* QuartzCore.framework */; };
		287250611E17179300496506 /* SideMenuViewController.m in Sources */ = {isa = PBXBuildFile; fileRef = 287250601E17179300496506 /* SideMenuViewController.m */; };
		287250631E17179F00496506 /* SideMenuViewController.xib in Resources */ = {isa = PBXBuildFile; fileRef = 287250621E17179F00496506 /* SideMenuViewController.xib */; };
		287250661E1717C100496506 /* MedicalTrialOutcome.m in Sources */ = {isa = PBXBuildFile; fileRef = 287250651E1717C100496506 /* MedicalTrialOutcome.m */; };
/* End PBXBuildFile section */

/* Begin PBXContainerItemProxy section */
		28724FEF1E1079D200496506 /* PBXContainerItemProxy */ = {
			isa = PBXContainerItemProxy;
			containerPortal = 28724FCD1E1079D100496506 /* Project object */;
			proxyType = 1;
			remoteGlobalIDString = 28724FD41E1079D100496506;
			remoteInfo = ClinicalTrialSearch;
		};
		28724FFA1E1079D200496506 /* PBXContainerItemProxy */ = {
			isa = PBXContainerItemProxy;
			containerPortal = 28724FCD1E1079D100496506 /* Project object */;
			proxyType = 1;
			remoteGlobalIDString = 28724FD41E1079D100496506;
			remoteInfo = ClinicalTrialSearch;
		};
/* End PBXContainerItemProxy section */

/* Begin PBXFileReference section */
		282905FF1E1D9BA600C3A43E /* AboutViewController.h */ = {isa = PBXFileReference; fileEncoding = 4; lastKnownFileType = sourcecode.c.h; name = AboutViewController.h; path = Controllers/AboutViewController.h; sourceTree = "<group>"; };
		282906001E1D9BA600C3A43E /* AboutViewController.m */ = {isa = PBXFileReference; fileEncoding = 4; lastKnownFileType = sourcecode.c.objc; name = AboutViewController.m; path = Controllers/AboutViewController.m; sourceTree = "<group>"; };
		282906011E1D9BA600C3A43E /* AboutViewController.xib */ = {isa = PBXFileReference; fileEncoding = 4; lastKnownFileType = file.xib; path = AboutViewController.xib; sourceTree = "<group>"; };
		28724FD51E1079D100496506 /* ClinicalTrialSearch.app */ = {isa = PBXFileReference; explicitFileType = wrapper.application; includeInIndex = 0; path = ClinicalTrialSearch.app; sourceTree = BUILT_PRODUCTS_DIR; };
		28724FD91E1079D100496506 /* main.m */ = {isa = PBXFileReference; lastKnownFileType = sourcecode.c.objc; path = main.m; sourceTree = "<group>"; };
		28724FDB1E1079D100496506 /* AppDelegate.h */ = {isa = PBXFileReference; lastKnownFileType = sourcecode.c.h; path = AppDelegate.h; sourceTree = "<group>"; };
		28724FDC1E1079D100496506 /* AppDelegate.m */ = {isa = PBXFileReference; lastKnownFileType = sourcecode.c.objc; path = AppDelegate.m; sourceTree = "<group>"; };
		28724FE41E1079D100496506 /* Assets.xcassets */ = {isa = PBXFileReference; lastKnownFileType = folder.assetcatalog; path = Assets.xcassets; sourceTree = "<group>"; };
		28724FE71E1079D100496506 /* Base */ = {isa = PBXFileReference; lastKnownFileType = file.storyboard; name = Base; path = Base.lproj/LaunchScreen.storyboard; sourceTree = "<group>"; };
		28724FE91E1079D100496506 /* Info.plist */ = {isa = PBXFileReference; lastKnownFileType = text.plist.xml; path = Info.plist; sourceTree = "<group>"; };
		28724FEE1E1079D200496506 /* ClinicalTrialSearchTests.xctest */ = {isa = PBXFileReference; explicitFileType = wrapper.cfbundle; includeInIndex = 0; path = ClinicalTrialSearchTests.xctest; sourceTree = BUILT_PRODUCTS_DIR; };
		28724FF21E1079D200496506 /* ClinicalTrialSearchTests.m */ = {isa = PBXFileReference; lastKnownFileType = sourcecode.c.objc; path = ClinicalTrialSearchTests.m; sourceTree = "<group>"; };
		28724FF41E1079D200496506 /* Info.plist */ = {isa = PBXFileReference; lastKnownFileType = text.plist.xml; path = Info.plist; sourceTree = "<group>"; };
		28724FF91E1079D200496506 /* ClinicalTrialSearchUITests.xctest */ = {isa = PBXFileReference; explicitFileType = wrapper.cfbundle; includeInIndex = 0; path = ClinicalTrialSearchUITests.xctest; sourceTree = BUILT_PRODUCTS_DIR; };
		28724FFD1E1079D200496506 /* ClinicalTrialSearchUITests.m */ = {isa = PBXFileReference; lastKnownFileType = sourcecode.c.objc; path = ClinicalTrialSearchUITests.m; sourceTree = "<group>"; };
		28724FFF1E1079D200496506 /* Info.plist */ = {isa = PBXFileReference; lastKnownFileType = text.plist.xml; path = Info.plist; sourceTree = "<group>"; };
		2872500D1E107A3600496506 /* SearchViewController.xib */ = {isa = PBXFileReference; fileEncoding = 4; lastKnownFileType = file.xib; path = SearchViewController.xib; sourceTree = "<group>"; };
		287250101E107B8500496506 /* HTTPSearchDiseases.h */ = {isa = PBXFileReference; fileEncoding = 4; lastKnownFileType = sourcecode.c.h; name = HTTPSearchDiseases.h; path = HTTP/HTTPSearchDiseases.h; sourceTree = "<group>"; };
		287250111E107B8500496506 /* HTTPSearchDiseases.m */ = {isa = PBXFileReference; fileEncoding = 4; lastKnownFileType = sourcecode.c.objc; name = HTTPSearchDiseases.m; path = HTTP/HTTPSearchDiseases.m; sourceTree = "<group>"; };
		287250131E107C2100496506 /* Disease.h */ = {isa = PBXFileReference; fileEncoding = 4; lastKnownFileType = sourcecode.c.h; name = Disease.h; path = Models/Disease.h; sourceTree = "<group>"; };
		287250141E107C2100496506 /* Disease.m */ = {isa = PBXFileReference; fileEncoding = 4; lastKnownFileType = sourcecode.c.objc; name = Disease.m; path = Models/Disease.m; sourceTree = "<group>"; };
		2872501C1E1099C300496506 /* DiseaseDetailViewController.xib */ = {isa = PBXFileReference; fileEncoding = 4; lastKnownFileType = file.xib; path = DiseaseDetailViewController.xib; sourceTree = "<group>"; };
		2872501F1E10A22200496506 /* DiseaseDetailViewController.h */ = {isa = PBXFileReference; fileEncoding = 4; lastKnownFileType = sourcecode.c.h; name = DiseaseDetailViewController.h; path = Controllers/DiseaseDetailViewController.h; sourceTree = "<group>"; };
		287250201E10A22200496506 /* DiseaseDetailViewController.m */ = {isa = PBXFileReference; fileEncoding = 4; lastKnownFileType = sourcecode.c.objc; name = DiseaseDetailViewController.m; path = Controllers/DiseaseDetailViewController.m; sourceTree = "<group>"; };
		287250211E10A22200496506 /* SearchViewController.h */ = {isa = PBXFileReference; fileEncoding = 4; lastKnownFileType = sourcecode.c.h; name = SearchViewController.h; path = Controllers/SearchViewController.h; sourceTree = "<group>"; };
		287250221E10A22200496506 /* SearchViewController.m */ = {isa = PBXFileReference; fileEncoding = 4; lastKnownFileType = sourcecode.c.objc; name = SearchViewController.m; path = Controllers/SearchViewController.m; sourceTree = "<group>"; };
		287250251E10A6FA00496506 /* DiseaseDetail.h */ = {isa = PBXFileReference; fileEncoding = 4; lastKnownFileType = sourcecode.c.h; name = DiseaseDetail.h; path = Models/DiseaseDetail.h; sourceTree = "<group>"; };
		287250261E10A6FA00496506 /* DiseaseDetail.m */ = {isa = PBXFileReference; fileEncoding = 4; lastKnownFileType = sourcecode.c.objc; name = DiseaseDetail.m; path = Models/DiseaseDetail.m; sourceTree = "<group>"; };
		287250281E10B33E00496506 /* Mesh.h */ = {isa = PBXFileReference; fileEncoding = 4; lastKnownFileType = sourcecode.c.h; name = Mesh.h; path = Models/Mesh.h; sourceTree = "<group>"; };
		287250291E10B33E00496506 /* Mesh.m */ = {isa = PBXFileReference; fileEncoding = 4; lastKnownFileType = sourcecode.c.objc; name = Mesh.m; path = Models/Mesh.m; sourceTree = "<group>"; };
		2872502B1E1123B000496506 /* clinical_trial_small.png */ = {isa = PBXFileReference; lastKnownFileType = image.png; name = clinical_trial_small.png; path = Images/clinical_trial_small.png; sourceTree = "<group>"; };
		2872502C1E1123B000496506 /* medicine_small.png */ = {isa = PBXFileReference; lastKnownFileType = image.png; name = medicine_small.png; path = Images/medicine_small.png; sourceTree = "<group>"; };
		2872502F1E11283100496506 /* disease_small.png */ = {isa = PBXFileReference; lastKnownFileType = image.png; name = disease_small.png; path = Images/disease_small.png; sourceTree = "<group>"; };
		287250311E11305D00496506 /* MedicalTrial.h */ = {isa = PBXFileReference; fileEncoding = 4; lastKnownFileType = sourcecode.c.h; name = MedicalTrial.h; path = Models/MedicalTrial.h; sourceTree = "<group>"; };
		287250321E11305D00496506 /* MedicalTrial.m */ = {isa = PBXFileReference; fileEncoding = 4; lastKnownFileType = sourcecode.c.objc; name = MedicalTrial.m; path = Models/MedicalTrial.m; sourceTree = "<group>"; };
		287250341E115CED00496506 /* MedicalTrialDetail.h */ = {isa = PBXFileReference; fileEncoding = 4; lastKnownFileType = sourcecode.c.h; name = MedicalTrialDetail.h; path = Models/MedicalTrialDetail.h; sourceTree = "<group>"; };
		287250351E115CED00496506 /* MedicalTrialDetail.m */ = {isa = PBXFileReference; fileEncoding = 4; lastKnownFileType = sourcecode.c.objc; name = MedicalTrialDetail.m; path = Models/MedicalTrialDetail.m; sourceTree = "<group>"; };
		287250371E1162C000496506 /* MedicalTrialDetailViewController.h */ = {isa = PBXFileReference; fileEncoding = 4; lastKnownFileType = sourcecode.c.h; name = MedicalTrialDetailViewController.h; path = Controllers/MedicalTrialDetailViewController.h; sourceTree = "<group>"; };
		287250381E1162C000496506 /* MedicalTrialDetailViewController.m */ = {isa = PBXFileReference; fileEncoding = 4; lastKnownFileType = sourcecode.c.objc; name = MedicalTrialDetailViewController.m; path = Controllers/MedicalTrialDetailViewController.m; sourceTree = "<group>"; };
		287250391E1162C000496506 /* MedicalTrialDetailViewController.xib */ = {isa = PBXFileReference; fileEncoding = 4; lastKnownFileType = file.xib; path = MedicalTrialDetailViewController.xib; sourceTree = "<group>"; };
		287250401E1691A700496506 /* menu.png */ = {isa = PBXFileReference; lastKnownFileType = image.png; name = menu.png; path = Images/menu.png; sourceTree = "<group>"; };
		287250411E1691A700496506 /* menu@2x.png */ = {isa = PBXFileReference; lastKnownFileType = image.png; name = "menu@2x.png"; path = "Images/menu@2x.png"; sourceTree = "<group>"; };
		287250481E16A80100496506 /* MFSideMenu.h */ = {isa = PBXFileReference; fileEncoding = 4; lastKnownFileType = sourcecode.c.h; name = MFSideMenu.h; path = Frameworks/Navigation/MFSideMenu.h; sourceTree = "<group>"; };
		287250491E16A80100496506 /* MFSideMenuContainerViewController.h */ = {isa = PBXFileReference; fileEncoding = 4; lastKnownFileType = sourcecode.c.h; name = MFSideMenuContainerViewController.h; path = Frameworks/Navigation/MFSideMenuContainerViewController.h; sourceTree = "<group>"; };
		2872504A1E16A80100496506 /* MFSideMenuContainerViewController.m */ = {isa = PBXFileReference; fileEncoding = 4; lastKnownFileType = sourcecode.c.objc; name = MFSideMenuContainerViewController.m; path = Frameworks/Navigation/MFSideMenuContainerViewController.m; sourceTree = "<group>"; };
		2872504B1E16A80100496506 /* MFSideMenuShadow.h */ = {isa = PBXFileReference; fileEncoding = 4; lastKnownFileType = sourcecode.c.h; name = MFSideMenuShadow.h; path = Frameworks/Navigation/MFSideMenuShadow.h; sourceTree = "<group>"; };
		2872504C1E16A80100496506 /* MFSideMenuShadow.m */ = {isa = PBXFileReference; fileEncoding = 4; lastKnownFileType = sourcecode.c.objc; name = MFSideMenuShadow.m; path = Frameworks/Navigation/MFSideMenuShadow.m; sourceTree = "<group>"; };
		2872504D1E16A80100496506 /* UIViewController+MFSideMenuAdditions.h */ = {isa = PBXFileReference; fileEncoding = 4; lastKnownFileType = sourcecode.c.h; name = "UIViewController+MFSideMenuAdditions.h"; path = "Frameworks/Navigation/UIViewController+MFSideMenuAdditions.h"; sourceTree = "<group>"; };
		2872504E1E16A80100496506 /* UIViewController+MFSideMenuAdditions.m */ = {isa = PBXFileReference; fileEncoding = 4; lastKnownFileType = sourcecode.c.objc; name = "UIViewController+MFSideMenuAdditions.m"; path = "Frameworks/Navigation/UIViewController+MFSideMenuAdditions.m"; sourceTree = "<group>"; };
		287250531E16A8EB00496506 /* QuartzCore.framework */ = {isa = PBXFileReference; lastKnownFileType = wrapper.framework; name = QuartzCore.framework; path = System/Library/Frameworks/QuartzCore.framework; sourceTree = SDKROOT; };
		2872505F1E17179300496506 /* SideMenuViewController.h */ = {isa = PBXFileReference; fileEncoding = 4; lastKnownFileType = sourcecode.c.h; name = SideMenuViewController.h; path = Controllers/SideMenuViewController.h; sourceTree = "<group>"; };
		287250601E17179300496506 /* SideMenuViewController.m */ = {isa = PBXFileReference; fileEncoding = 4; lastKnownFileType = sourcecode.c.objc; name = SideMenuViewController.m; path = Controllers/SideMenuViewController.m; sourceTree = "<group>"; };
		287250621E17179F00496506 /* SideMenuViewController.xib */ = {isa = PBXFileReference; fileEncoding = 4; lastKnownFileType = file.xib; path = SideMenuViewController.xib; sourceTree = "<group>"; };
		287250641E1717C100496506 /* MedicalTrialOutcome.h */ = {isa = PBXFileReference; fileEncoding = 4; lastKnownFileType = sourcecode.c.h; name = MedicalTrialOutcome.h; path = Models/MedicalTrialOutcome.h; sourceTree = "<group>"; };
		287250651E1717C100496506 /* MedicalTrialOutcome.m */ = {isa = PBXFileReference; fileEncoding = 4; lastKnownFileType = sourcecode.c.objc; name = MedicalTrialOutcome.m; path = Models/MedicalTrialOutcome.m; sourceTree = "<group>"; };
/* End PBXFileReference section */

/* Begin PBXFrameworksBuildPhase section */
		28724FD21E1079D100496506 /* Frameworks */ = {
			isa = PBXFrameworksBuildPhase;
			buildActionMask = 2147483647;
			files = (
				287250541E16A8EB00496506 /* QuartzCore.framework in Frameworks */,
			);
			runOnlyForDeploymentPostprocessing = 0;
		};
		28724FEB1E1079D200496506 /* Frameworks */ = {
			isa = PBXFrameworksBuildPhase;
			buildActionMask = 2147483647;
			files = (
			);
			runOnlyForDeploymentPostprocessing = 0;
		};
		28724FF61E1079D200496506 /* Frameworks */ = {
			isa = PBXFrameworksBuildPhase;
			buildActionMask = 2147483647;
			files = (
			);
			runOnlyForDeploymentPostprocessing = 0;
		};
/* End PBXFrameworksBuildPhase section */

/* Begin PBXGroup section */
		28724FCC1E1079D100496506 = {
			isa = PBXGroup;
			children = (
				28724FD71E1079D100496506 /* ClinicalTrialSearch */,
				28724FF11E1079D200496506 /* ClinicalTrialSearchTests */,
				28724FFC1E1079D200496506 /* ClinicalTrialSearchUITests */,
				28724FD61E1079D100496506 /* Products */,
				287250521E16A8EB00496506 /* Frameworks */,
			);
			sourceTree = "<group>";
		};
		28724FD61E1079D100496506 /* Products */ = {
			isa = PBXGroup;
			children = (
				28724FD51E1079D100496506 /* ClinicalTrialSearch.app */,
				28724FEE1E1079D200496506 /* ClinicalTrialSearchTests.xctest */,
				28724FF91E1079D200496506 /* ClinicalTrialSearchUITests.xctest */,
			);
			name = Products;
			sourceTree = "<group>";
		};
		28724FD71E1079D100496506 /* ClinicalTrialSearch */ = {
			isa = PBXGroup;
			children = (
				287250441E16A56D00496506 /* Frameworks */,
				2872503C1E128A4E00496506 /* Controllers */,
				287250191E10996900496506 /* HTTP */,
				287250181E10995C00496506 /* Models */,
				287250171E10981500496506 /* Views */,
				28724FDB1E1079D100496506 /* AppDelegate.h */,
				28724FDC1E1079D100496506 /* AppDelegate.m */,
				28724FE41E1079D100496506 /* Assets.xcassets */,
				28724FE61E1079D100496506 /* LaunchScreen.storyboard */,
				28724FE91E1079D100496506 /* Info.plist */,
				28724FD81E1079D100496506 /* Supporting Files */,
			);
			path = ClinicalTrialSearch;
			sourceTree = "<group>";
		};
		28724FD81E1079D100496506 /* Supporting Files */ = {
			isa = PBXGroup;
			children = (
				287250401E1691A700496506 /* menu.png */,
				287250411E1691A700496506 /* menu@2x.png */,
				2872502F1E11283100496506 /* disease_small.png */,
				2872502B1E1123B000496506 /* clinical_trial_small.png */,
				2872502C1E1123B000496506 /* medicine_small.png */,
				28724FD91E1079D100496506 /* main.m */,
			);
			name = "Supporting Files";
			sourceTree = "<group>";
		};
		28724FF11E1079D200496506 /* ClinicalTrialSearchTests */ = {
			isa = PBXGroup;
			children = (
				28724FF21E1079D200496506 /* ClinicalTrialSearchTests.m */,
				28724FF41E1079D200496506 /* Info.plist */,
			);
			path = ClinicalTrialSearchTests;
			sourceTree = "<group>";
		};
		28724FFC1E1079D200496506 /* ClinicalTrialSearchUITests */ = {
			isa = PBXGroup;
			children = (
				28724FFD1E1079D200496506 /* ClinicalTrialSearchUITests.m */,
				28724FFF1E1079D200496506 /* Info.plist */,
			);
			path = ClinicalTrialSearchUITests;
			sourceTree = "<group>";
		};
		287250171E10981500496506 /* Views */ = {
			isa = PBXGroup;
			children = (
				282906011E1D9BA600C3A43E /* AboutViewController.xib */,
				287250391E1162C000496506 /* MedicalTrialDetailViewController.xib */,
				2872501C1E1099C300496506 /* DiseaseDetailViewController.xib */,
				287250621E17179F00496506 /* SideMenuViewController.xib */,
				2872500D1E107A3600496506 /* SearchViewController.xib */,
			);
			path = Views;
			sourceTree = "<group>";
		};
		287250181E10995C00496506 /* Models */ = {
			isa = PBXGroup;
			children = (
				287250641E1717C100496506 /* MedicalTrialOutcome.h */,
				287250651E1717C100496506 /* MedicalTrialOutcome.m */,
				287250131E107C2100496506 /* Disease.h */,
				287250141E107C2100496506 /* Disease.m */,
				287250251E10A6FA00496506 /* DiseaseDetail.h */,
				287250261E10A6FA00496506 /* DiseaseDetail.m */,
				287250281E10B33E00496506 /* Mesh.h */,
				287250291E10B33E00496506 /* Mesh.m */,
				287250311E11305D00496506 /* MedicalTrial.h */,
				287250321E11305D00496506 /* MedicalTrial.m */,
				287250341E115CED00496506 /* MedicalTrialDetail.h */,
				287250351E115CED00496506 /* MedicalTrialDetail.m */,
			);
			name = Models;
			sourceTree = "<group>";
		};
		287250191E10996900496506 /* HTTP */ = {
			isa = PBXGroup;
			children = (
				287250101E107B8500496506 /* HTTPSearchDiseases.h */,
				287250111E107B8500496506 /* HTTPSearchDiseases.m */,
			);
			name = HTTP;
			sourceTree = "<group>";
		};
		2872503C1E128A4E00496506 /* Controllers */ = {
			isa = PBXGroup;
			children = (
				282905FF1E1D9BA600C3A43E /* AboutViewController.h */,
				282906001E1D9BA600C3A43E /* AboutViewController.m */,
				2872505F1E17179300496506 /* SideMenuViewController.h */,
				287250601E17179300496506 /* SideMenuViewController.m */,
				2872501F1E10A22200496506 /* DiseaseDetailViewController.h */,
				287250201E10A22200496506 /* DiseaseDetailViewController.m */,
				287250211E10A22200496506 /* SearchViewController.h */,
				287250221E10A22200496506 /* SearchViewController.m */,
				287250371E1162C000496506 /* MedicalTrialDetailViewController.h */,
				287250381E1162C000496506 /* MedicalTrialDetailViewController.m */,
			);
			name = Controllers;
			sourceTree = "<group>";
		};
		287250441E16A56D00496506 /* Frameworks */ = {
			isa = PBXGroup;
			children = (
				287250451E16A57700496506 /* Navigation */,
			);
			name = Frameworks;
			sourceTree = "<group>";
		};
		287250451E16A57700496506 /* Navigation */ = {
			isa = PBXGroup;
			children = (
				287250481E16A80100496506 /* MFSideMenu.h */,
				287250491E16A80100496506 /* MFSideMenuContainerViewController.h */,
				2872504A1E16A80100496506 /* MFSideMenuContainerViewController.m */,
				2872504B1E16A80100496506 /* MFSideMenuShadow.h */,
				2872504C1E16A80100496506 /* MFSideMenuShadow.m */,
				2872504D1E16A80100496506 /* UIViewController+MFSideMenuAdditions.h */,
				2872504E1E16A80100496506 /* UIViewController+MFSideMenuAdditions.m */,
			);
			name = Navigation;
			sourceTree = "<group>";
		};
		287250521E16A8EB00496506 /* Frameworks */ = {
			isa = PBXGroup;
			children = (
				287250531E16A8EB00496506 /* QuartzCore.framework */,
			);
			name = Frameworks;
			sourceTree = "<group>";
		};
/* End PBXGroup section */

/* Begin PBXNativeTarget section */
		28724FD41E1079D100496506 /* ClinicalTrialSearch */ = {
			isa = PBXNativeTarget;
			buildConfigurationList = 287250021E1079D200496506 /* Build configuration list for PBXNativeTarget "ClinicalTrialSearch" */;
			buildPhases = (
				28724FD11E1079D100496506 /* Sources */,
				28724FD21E1079D100496506 /* Frameworks */,
				28724FD31E1079D100496506 /* Resources */,
			);
			buildRules = (
			);
			dependencies = (
			);
			name = ClinicalTrialSearch;
			productName = ClinicalTrialSearch;
			productReference = 28724FD51E1079D100496506 /* ClinicalTrialSearch.app */;
			productType = "com.apple.product-type.application";
		};
		28724FED1E1079D200496506 /* ClinicalTrialSearchTests */ = {
			isa = PBXNativeTarget;
			buildConfigurationList = 287250051E1079D200496506 /* Build configuration list for PBXNativeTarget "ClinicalTrialSearchTests" */;
			buildPhases = (
				28724FEA1E1079D200496506 /* Sources */,
				28724FEB1E1079D200496506 /* Frameworks */,
				28724FEC1E1079D200496506 /* Resources */,
			);
			buildRules = (
			);
			dependencies = (
				28724FF01E1079D200496506 /* PBXTargetDependency */,
			);
			name = ClinicalTrialSearchTests;
			productName = ClinicalTrialSearchTests;
			productReference = 28724FEE1E1079D200496506 /* ClinicalTrialSearchTests.xctest */;
			productType = "com.apple.product-type.bundle.unit-test";
		};
		28724FF81E1079D200496506 /* ClinicalTrialSearchUITests */ = {
			isa = PBXNativeTarget;
			buildConfigurationList = 287250081E1079D200496506 /* Build configuration list for PBXNativeTarget "ClinicalTrialSearchUITests" */;
			buildPhases = (
				28724FF51E1079D200496506 /* Sources */,
				28724FF61E1079D200496506 /* Frameworks */,
				28724FF71E1079D200496506 /* Resources */,
			);
			buildRules = (
			);
			dependencies = (
				28724FFB1E1079D200496506 /* PBXTargetDependency */,
			);
			name = ClinicalTrialSearchUITests;
			productName = ClinicalTrialSearchUITests;
			productReference = 28724FF91E1079D200496506 /* ClinicalTrialSearchUITests.xctest */;
			productType = "com.apple.product-type.bundle.ui-testing";
		};
/* End PBXNativeTarget section */

/* Begin PBXProject section */
		28724FCD1E1079D100496506 /* Project object */ = {
			isa = PBXProject;
			attributes = {
				LastUpgradeCheck = 0820;
				ORGANIZATIONNAME = "matt rooney";
				TargetAttributes = {
					28724FD41E1079D100496506 = {
						CreatedOnToolsVersion = 8.2.1;
						DevelopmentTeam = 3VA9LD8KWM;
						ProvisioningStyle = Automatic;
					};
					28724FED1E1079D200496506 = {
						CreatedOnToolsVersion = 8.2.1;
						DevelopmentTeam = 3VA9LD8KWM;
						ProvisioningStyle = Automatic;
						TestTargetID = 28724FD41E1079D100496506;
					};
					28724FF81E1079D200496506 = {
						CreatedOnToolsVersion = 8.2.1;
						DevelopmentTeam = 3VA9LD8KWM;
						ProvisioningStyle = Automatic;
						TestTargetID = 28724FD41E1079D100496506;
					};
				};
			};
			buildConfigurationList = 28724FD01E1079D100496506 /* Build configuration list for PBXProject "ClinicalTrialSearch" */;
			compatibilityVersion = "Xcode 3.2";
			developmentRegion = English;
			hasScannedForEncodings = 0;
			knownRegions = (
				en,
				Base,
			);
			mainGroup = 28724FCC1E1079D100496506;
			productRefGroup = 28724FD61E1079D100496506 /* Products */;
			projectDirPath = "";
			projectRoot = "";
			targets = (
				28724FD41E1079D100496506 /* ClinicalTrialSearch */,
				28724FED1E1079D200496506 /* ClinicalTrialSearchTests */,
				28724FF81E1079D200496506 /* ClinicalTrialSearchUITests */,
			);
		};
/* End PBXProject section */

/* Begin PBXResourcesBuildPhase section */
		28724FD31E1079D100496506 /* Resources */ = {
			isa = PBXResourcesBuildPhase;
			buildActionMask = 2147483647;
			files = (
				2872501E1E1099C300496506 /* DiseaseDetailViewController.xib in Resources */,
				28724FE81E1079D100496506 /* LaunchScreen.storyboard in Resources */,
				287250421E1691A700496506 /* menu.png in Resources */,
				2872503B1E1162C000496506 /* MedicalTrialDetailViewController.xib in Resources */,
				287250631E17179F00496506 /* SideMenuViewController.xib in Resources */,
				287250301E11283100496506 /* disease_small.png in Resources */,
				28724FE51E1079D100496506 /* Assets.xcassets in Resources */,
				2872500F1E107A3600496506 /* SearchViewController.xib in Resources */,
				287250431E1691A700496506 /* menu@2x.png in Resources */,
				2872502D1E1123B000496506 /* clinical_trial_small.png in Resources */,
				282906031E1D9BA600C3A43E /* AboutViewController.xib in Resources */,
				2872502E1E1123B000496506 /* medicine_small.png in Resources */,
			);
			runOnlyForDeploymentPostprocessing = 0;
		};
		28724FEC1E1079D200496506 /* Resources */ = {
			isa = PBXResourcesBuildPhase;
			buildActionMask = 2147483647;
			files = (
			);
			runOnlyForDeploymentPostprocessing = 0;
		};
		28724FF71E1079D200496506 /* Resources */ = {
			isa = PBXResourcesBuildPhase;
			buildActionMask = 2147483647;
			files = (
			);
			runOnlyForDeploymentPostprocessing = 0;
		};
/* End PBXResourcesBuildPhase section */

/* Begin PBXSourcesBuildPhase section */
		28724FD11E1079D100496506 /* Sources */ = {
			isa = PBXSourcesBuildPhase;
			buildActionMask = 2147483647;
			files = (
				2872504F1E16A80100496506 /* MFSideMenuContainerViewController.m in Sources */,
				28724FDD1E1079D100496506 /* AppDelegate.m in Sources */,
				287250501E16A80100496506 /* MFSideMenuShadow.m in Sources */,
				287250241E10A22200496506 /* SearchViewController.m in Sources */,
				287250121E107B8500496506 /* HTTPSearchDiseases.m in Sources */,
				287250361E115CED00496506 /* MedicalTrialDetail.m in Sources */,
				287250331E11305D00496506 /* MedicalTrial.m in Sources */,
				287250661E1717C100496506 /* MedicalTrialOutcome.m in Sources */,
				287250271E10A6FA00496506 /* DiseaseDetail.m in Sources */,
				282906021E1D9BA600C3A43E /* AboutViewController.m in Sources */,
				287250151E107C2100496506 /* Disease.m in Sources */,
				287250231E10A22200496506 /* DiseaseDetailViewController.m in Sources */,
				2872503A1E1162C000496506 /* MedicalTrialDetailViewController.m in Sources */,
				287250611E17179300496506 /* SideMenuViewController.m in Sources */,
				287250511E16A80100496506 /* UIViewController+MFSideMenuAdditions.m in Sources */,
				2872502A1E10B33E00496506 /* Mesh.m in Sources */,
				28724FDA1E1079D100496506 /* main.m in Sources */,
			);
			runOnlyForDeploymentPostprocessing = 0;
		};
		28724FEA1E1079D200496506 /* Sources */ = {
			isa = PBXSourcesBuildPhase;
			buildActionMask = 2147483647;
			files = (
				28724FF31E1079D200496506 /* ClinicalTrialSearchTests.m in Sources */,
			);
			runOnlyForDeploymentPostprocessing = 0;
		};
		28724FF51E1079D200496506 /* Sources */ = {
			isa = PBXSourcesBuildPhase;
			buildActionMask = 2147483647;
			files = (
				28724FFE1E1079D200496506 /* ClinicalTrialSearchUITests.m in Sources */,
			);
			runOnlyForDeploymentPostprocessing = 0;
		};
/* End PBXSourcesBuildPhase section */

/* Begin PBXTargetDependency section */
		28724FF01E1079D200496506 /* PBXTargetDependency */ = {
			isa = PBXTargetDependency;
			target = 28724FD41E1079D100496506 /* ClinicalTrialSearch */;
			targetProxy = 28724FEF1E1079D200496506 /* PBXContainerItemProxy */;
		};
		28724FFB1E1079D200496506 /* PBXTargetDependency */ = {
			isa = PBXTargetDependency;
			target = 28724FD41E1079D100496506 /* ClinicalTrialSearch */;
			targetProxy = 28724FFA1E1079D200496506 /* PBXContainerItemProxy */;
		};
/* End PBXTargetDependency section */

/* Begin PBXVariantGroup section */
		28724FE61E1079D100496506 /* LaunchScreen.storyboard */ = {
			isa = PBXVariantGroup;
			children = (
				28724FE71E1079D100496506 /* Base */,
			);
			name = LaunchScreen.storyboard;
			sourceTree = "<group>";
		};
/* End PBXVariantGroup section */

/* Begin XCBuildConfiguration section */
		287250001E1079D200496506 /* Debug */ = {
			isa = XCBuildConfiguration;
			buildSettings = {
				ALWAYS_SEARCH_USER_PATHS = NO;
				CLANG_ANALYZER_NONNULL = YES;
				CLANG_CXX_LANGUAGE_STANDARD = "gnu++0x";
				CLANG_CXX_LIBRARY = "libc++";
				CLANG_ENABLE_MODULES = YES;
				CLANG_ENABLE_OBJC_ARC = YES;
				CLANG_WARN_BOOL_CONVERSION = YES;
				CLANG_WARN_CONSTANT_CONVERSION = YES;
				CLANG_WARN_DIRECT_OBJC_ISA_USAGE = YES_ERROR;
				CLANG_WARN_DOCUMENTATION_COMMENTS = YES;
				CLANG_WARN_EMPTY_BODY = YES;
				CLANG_WARN_ENUM_CONVERSION = YES;
				CLANG_WARN_INFINITE_RECURSION = YES;
				CLANG_WARN_INT_CONVERSION = YES;
				CLANG_WARN_OBJC_ROOT_CLASS = YES_ERROR;
				CLANG_WARN_SUSPICIOUS_MOVE = YES;
				CLANG_WARN_UNREACHABLE_CODE = YES;
				CLANG_WARN__DUPLICATE_METHOD_MATCH = YES;
				"CODE_SIGN_IDENTITY[sdk=iphoneos*]" = "iPhone Developer";
				COPY_PHASE_STRIP = NO;
				DEBUG_INFORMATION_FORMAT = dwarf;
				ENABLE_STRICT_OBJC_MSGSEND = YES;
				ENABLE_TESTABILITY = YES;
				GCC_C_LANGUAGE_STANDARD = gnu99;
				GCC_DYNAMIC_NO_PIC = NO;
				GCC_NO_COMMON_BLOCKS = YES;
				GCC_OPTIMIZATION_LEVEL = 0;
				GCC_PREPROCESSOR_DEFINITIONS = (
					"DEBUG=1",
					"$(inherited)",
				);
				GCC_WARN_64_TO_32_BIT_CONVERSION = YES;
				GCC_WARN_ABOUT_RETURN_TYPE = YES_ERROR;
				GCC_WARN_UNDECLARED_SELECTOR = YES;
				GCC_WARN_UNINITIALIZED_AUTOS = YES_AGGRESSIVE;
				GCC_WARN_UNUSED_FUNCTION = YES;
				GCC_WARN_UNUSED_VARIABLE = YES;
				IPHONEOS_DEPLOYMENT_TARGET = 10.2;
				MTL_ENABLE_DEBUG_INFO = YES;
				ONLY_ACTIVE_ARCH = YES;
				SDKROOT = iphoneos;
				TARGETED_DEVICE_FAMILY = "1,2";
			};
			name = Debug;
		};
		287250011E1079D200496506 /* Release */ = {
			isa = XCBuildConfiguration;
			buildSettings = {
				ALWAYS_SEARCH_USER_PATHS = NO;
				CLANG_ANALYZER_NONNULL = YES;
				CLANG_CXX_LANGUAGE_STANDARD = "gnu++0x";
				CLANG_CXX_LIBRARY = "libc++";
				CLANG_ENABLE_MODULES = YES;
				CLANG_ENABLE_OBJC_ARC = YES;
				CLANG_WARN_BOOL_CONVERSION = YES;
				CLANG_WARN_CONSTANT_CONVERSION = YES;
				CLANG_WARN_DIRECT_OBJC_ISA_USAGE = YES_ERROR;
				CLANG_WARN_DOCUMENTATION_COMMENTS = YES;
				CLANG_WARN_EMPTY_BODY = YES;
				CLANG_WARN_ENUM_CONVERSION = YES;
				CLANG_WARN_INFINITE_RECURSION = YES;
				CLANG_WARN_INT_CONVERSION = YES;
				CLANG_WARN_OBJC_ROOT_CLASS = YES_ERROR;
				CLANG_WARN_SUSPICIOUS_MOVE = YES;
				CLANG_WARN_UNREACHABLE_CODE = YES;
				CLANG_WARN__DUPLICATE_METHOD_MATCH = YES;
				"CODE_SIGN_IDENTITY[sdk=iphoneos*]" = "iPhone Developer";
				COPY_PHASE_STRIP = NO;
				DEBUG_INFORMATION_FORMAT = "dwarf-with-dsym";
				ENABLE_NS_ASSERTIONS = NO;
				ENABLE_STRICT_OBJC_MSGSEND = YES;
				GCC_C_LANGUAGE_STANDARD = gnu99;
				GCC_NO_COMMON_BLOCKS = YES;
				GCC_WARN_64_TO_32_BIT_CONVERSION = YES;
				GCC_WARN_ABOUT_RETURN_TYPE = YES_ERROR;
				GCC_WARN_UNDECLARED_SELECTOR = YES;
				GCC_WARN_UNINITIALIZED_AUTOS = YES_AGGRESSIVE;
				GCC_WARN_UNUSED_FUNCTION = YES;
				GCC_WARN_UNUSED_VARIABLE = YES;
				IPHONEOS_DEPLOYMENT_TARGET = 10.2;
				MTL_ENABLE_DEBUG_INFO = NO;
				SDKROOT = iphoneos;
				TARGETED_DEVICE_FAMILY = "1,2";
				VALIDATE_PRODUCT = YES;
			};
			name = Release;
		};
		287250031E1079D200496506 /* Debug */ = {
			isa = XCBuildConfiguration;
			buildSettings = {
				ASSETCATALOG_COMPILER_APPICON_NAME = AppIcon;
				DEVELOPMENT_TEAM = 3VA9LD8KWM;
				INFOPLIST_FILE = ClinicalTrialSearch/Info.plist;
				IPHONEOS_DEPLOYMENT_TARGET = 9.3;
				LD_RUNPATH_SEARCH_PATHS = "$(inherited) @executable_path/Frameworks";
				PRODUCT_BUNDLE_IDENTIFIER = com.mroodev.ClinicalTrialSearch;
				PRODUCT_NAME = "$(TARGET_NAME)";
			};
			name = Debug;
		};
		287250041E1079D200496506 /* Release */ = {
			isa = XCBuildConfiguration;
			buildSettings = {
				ASSETCATALOG_COMPILER_APPICON_NAME = AppIcon;
				DEVELOPMENT_TEAM = 3VA9LD8KWM;
				INFOPLIST_FILE = ClinicalTrialSearch/Info.plist;
				IPHONEOS_DEPLOYMENT_TARGET = 9.3;
				LD_RUNPATH_SEARCH_PATHS = "$(inherited) @executable_path/Frameworks";
				PRODUCT_BUNDLE_IDENTIFIER = com.mroodev.ClinicalTrialSearch;
				PRODUCT_NAME = "$(TARGET_NAME)";
			};
			name = Release;
		};
		287250061E1079D200496506 /* Debug */ = {
			isa = XCBuildConfiguration;
			buildSettings = {
				BUNDLE_LOADER = "$(TEST_HOST)";
				DEVELOPMENT_TEAM = 3VA9LD8KWM;
				INFOPLIST_FILE = ClinicalTrialSearchTests/Info.plist;
				LD_RUNPATH_SEARCH_PATHS = "$(inherited) @executable_path/Frameworks @loader_path/Frameworks";
				PRODUCT_BUNDLE_IDENTIFIER = com.mroodev.ClinicalTrialSearchTests;
				PRODUCT_NAME = "$(TARGET_NAME)";
				TEST_HOST = "$(BUILT_PRODUCTS_DIR)/ClinicalTrialSearch.app/ClinicalTrialSearch";
			};
			name = Debug;
		};
		287250071E1079D200496506 /* Release */ = {
			isa = XCBuildConfiguration;
			buildSettings = {
				BUNDLE_LOADER = "$(TEST_HOST)";
				DEVELOPMENT_TEAM = 3VA9LD8KWM;
				INFOPLIST_FILE = ClinicalTrialSearchTests/Info.plist;
				LD_RUNPATH_SEARCH_PATHS = "$(inherited) @executable_path/Frameworks @loader_path/Frameworks";
				PRODUCT_BUNDLE_IDENTIFIER = com.mroodev.ClinicalTrialSearchTests;
				PRODUCT_NAME = "$(TARGET_NAME)";
				TEST_HOST = "$(BUILT_PRODUCTS_DIR)/ClinicalTrialSearch.app/ClinicalTrialSearch";
			};
			name = Release;
		};
		287250091E1079D200496506 /* Debug */ = {
			isa = XCBuildConfiguration;
			buildSettings = {
				DEVELOPMENT_TEAM = 3VA9LD8KWM;
				INFOPLIST_FILE = ClinicalTrialSearchUITests/Info.plist;
				LD_RUNPATH_SEARCH_PATHS = "$(inherited) @executable_path/Frameworks @loader_path/Frameworks";
				PRODUCT_BUNDLE_IDENTIFIER = com.mroodev.ClinicalTrialSearchUITests;
				PRODUCT_NAME = "$(TARGET_NAME)";
				TEST_TARGET_NAME = ClinicalTrialSearch;
			};
			name = Debug;
		};
		2872500A1E1079D200496506 /* Release */ = {
			isa = XCBuildConfiguration;
			buildSettings = {
				DEVELOPMENT_TEAM = 3VA9LD8KWM;
				INFOPLIST_FILE = ClinicalTrialSearchUITests/Info.plist;
				LD_RUNPATH_SEARCH_PATHS = "$(inherited) @executable_path/Frameworks @loader_path/Frameworks";
				PRODUCT_BUNDLE_IDENTIFIER = com.mroodev.ClinicalTrialSearchUITests;
				PRODUCT_NAME = "$(TARGET_NAME)";
				TEST_TARGET_NAME = ClinicalTrialSearch;
			};
			name = Release;
		};
/* End XCBuildConfiguration section */

/* Begin XCConfigurationList section */
		28724FD01E1079D100496506 /* Build configuration list for PBXProject "ClinicalTrialSearch" */ = {
			isa = XCConfigurationList;
			buildConfigurations = (
				287250001E1079D200496506 /* Debug */,
				287250011E1079D200496506 /* Release */,
			);
			defaultConfigurationIsVisible = 0;
			defaultConfigurationName = Release;
		};
		287250021E1079D200496506 /* Build configuration list for PBXNativeTarget "ClinicalTrialSearch" */ = {
			isa = XCConfigurationList;
			buildConfigurations = (
				287250031E1079D200496506 /* Debug */,
				287250041E1079D200496506 /* Release */,
			);
			defaultConfigurationIsVisible = 0;
			defaultConfigurationName = Release;
		};
		287250051E1079D200496506 /* Build configuration list for PBXNativeTarget "ClinicalTrialSearchTests" */ = {
			isa = XCConfigurationList;
			buildConfigurations = (
				287250061E1079D200496506 /* Debug */,
				287250071E1079D200496506 /* Release */,
			);
			defaultConfigurationIsVisible = 0;
			defaultConfigurationName = Release;
		};
		287250081E1079D200496506 /* Build configuration list for PBXNativeTarget "ClinicalTrialSearchUITests" */ = {
			isa = XCConfigurationList;
			buildConfigurations = (
				287250091E1079D200496506 /* Debug */,
				2872500A1E1079D200496506 /* Release */,
			);
			defaultConfigurationIsVisible = 0;
			defaultConfigurationName = Release;
		};
/* End XCConfigurationList section */
	};
	rootObject = 28724FCD1E1079D100496506 /* Project object */;
}
